
Microsoft Visual Studio Solution File, Format Version 12.00
# Visual Studio Version 16
VisualStudioVersion = 16.0.31313.79
MinimumVisualStudioVersion = 10.0.40219.1
Project("{FAE04EC0-301F-11D3-BF4B-00C04F79EFBC}") = "Ex1", "Ex1\Ex1.csproj", "{7E20651D-653C-4511-A125-2832FC4866EC}"
EndProject
Project("{FAE04EC0-301F-11D3-BF4B-00C04F79EFBC}") = "Ex2", "Ex2\Ex2.csproj", "{5409544D-89C5-4DC3-A939-47B0C07A28E9}"
EndProject
Global
	GlobalSection(SolutionConfigurationPlatforms) = preSolution
		Debug|Any CPU = Debug|Any CPU
		Release|Any CPU = Release|Any CPU
	EndGlobalSection
	GlobalSection(ProjectConfigurationPlatforms) = postSolution
		{7E20651D-653C-4511-A125-2832FC4866EC}.Debug|Any CPU.ActiveCfg = Debug|Any CPU
		{7E20651D-653C-4511-A125-2832FC4866EC}.Debug|Any CPU.Build.0 = Debug|Any CPU
		{7E20651D-653C-4511-A125-2832FC4866EC}.Release|Any CPU.ActiveCfg = Release|Any CPU
		{7E20651D-653C-4511-A125-2832FC4866EC}.Release|Any CPU.Build.0 = Release|Any CPU
		{5409544D-89C5-4DC3-A939-47B0C07A28E9}.Debug|Any CPU.ActiveCfg = Debug|Any CPU
		{5409544D-89C5-4DC3-A939-47B0C07A28E9}.Debug|Any CPU.Build.0 = Debug|Any CPU
		{5409544D-89C5-4DC3-A939-47B0C07A28E9}.Release|Any CPU.ActiveCfg = Release|Any CPU
		{5409544D-89C5-4DC3-A939-47B0C07A28E9}.Release|Any CPU.Build.0 = Release|Any CPU
	EndGlobalSection
	GlobalSection(SolutionProperties) = preSolution
		HideSolutionNode = FALSE
	EndGlobalSection
	GlobalSection(ExtensibilityGlobals) = postSolution
		SolutionGuid = {5DABFFE5-EDB3-4B7D-8BDA-518B74AB1F94}
	EndGlobalSection
EndGlobal
